
Microsoft Visual Studio Solution File, Format Version 12.00
# Visual Studio Version 16
VisualStudioVersion = 16.0.29215.179
MinimumVisualStudioVersion = 10.0.40219.1
Project("{FAE04EC0-301F-11D3-BF4B-00C04F79EFBC}") = "Koromo_Copy.UI.Desktop", "Koromo_Copy.UI.Desktop\Koromo_Copy.UI.Desktop.csproj", "{A1145E08-DD9A-4868-AC81-293AA19E9818}"
EndProject
Project("{9A19103F-16F7-4668-BE54-9A1E7A4F7556}") = "Koromo_Copy.Console", "Koromo_Copy.Console\Koromo_Copy.Console.csproj", "{080CC50F-B760-4571-8833-C0A6A3DA8E3A}"
EndProject
Project("{9A19103F-16F7-4668-BE54-9A1E7A4F7556}") = "Koromo_Copy.Framework", "Koromo_Copy.Framework\Koromo_Copy.Framework.csproj", "{98B35499-DC95-44CF-808E-7E7F7827C00B}"
EndProject
Project("{FAE04EC0-301F-11D3-BF4B-00C04F79EFBC}") = "Koromo_Copy.Tool.CustomCrawler", "Koromo_Copy.Tool.CustomCrawler\Koromo_Copy.Tool.CustomCrawler.csproj", "{5551C3F5-9074-4B64-B554-7A7451834407}"
EndProject
Project("{FAE04EC0-301F-11D3-BF4B-00C04F79EFBC}") = "Koromo_Copy.App.Android", "Koromo_Copy.App\Koromo_Copy.App.Android\Koromo_Copy.App.Android.csproj", "{CE8549E9-8D62-4844-B76C-9F814C8B18FB}"
EndProject
Project("{FAE04EC0-301F-11D3-BF4B-00C04F79EFBC}") = "Koromo_Copy.App.iOS", "Koromo_Copy.App\Koromo_Copy.App.iOS\Koromo_Copy.App.iOS.csproj", "{E04FECA2-C4DD-4B87-89F6-8BFE98C202B3}"
EndProject
Project("{FAE04EC0-301F-11D3-BF4B-00C04F79EFBC}") = "Koromo_Copy.App", "Koromo_Copy.App\Koromo_Copy.App\Koromo_Copy.App.csproj", "{87ECD082-8BAE-4D73-802D-CCE57A381AA3}"
EndProject
Global
	GlobalSection(SolutionConfigurationPlatforms) = preSolution
		Debug|Any CPU = Debug|Any CPU
		Debug|iPhone = Debug|iPhone
		Debug|iPhoneSimulator = Debug|iPhoneSimulator
		Release|Any CPU = Release|Any CPU
		Release|iPhone = Release|iPhone
		Release|iPhoneSimulator = Release|iPhoneSimulator
	EndGlobalSection
	GlobalSection(ProjectConfigurationPlatforms) = postSolution
		{A1145E08-DD9A-4868-AC81-293AA19E9818}.Debug|Any CPU.ActiveCfg = Debug|Any CPU
		{A1145E08-DD9A-4868-AC81-293AA19E9818}.Debug|Any CPU.Build.0 = Debug|Any CPU
		{A1145E08-DD9A-4868-AC81-293AA19E9818}.Debug|iPhone.ActiveCfg = Debug|Any CPU
		{A1145E08-DD9A-4868-AC81-293AA19E9818}.Debug|iPhone.Build.0 = Debug|Any CPU
		{A1145E08-DD9A-4868-AC81-293AA19E9818}.Debug|iPhoneSimulator.ActiveCfg = Debug|Any CPU
		{A1145E08-DD9A-4868-AC81-293AA19E9818}.Debug|iPhoneSimulator.Build.0 = Debug|Any CPU
		{A1145E08-DD9A-4868-AC81-293AA19E9818}.Release|Any CPU.ActiveCfg = Release|Any CPU
		{A1145E08-DD9A-4868-AC81-293AA19E9818}.Release|Any CPU.Build.0 = Release|Any CPU
		{A1145E08-DD9A-4868-AC81-293AA19E9818}.Release|iPhone.ActiveCfg = Release|Any CPU
		{A1145E08-DD9A-4868-AC81-293AA19E9818}.Release|iPhone.Build.0 = Release|Any CPU
		{A1145E08-DD9A-4868-AC81-293AA19E9818}.Release|iPhoneSimulator.ActiveCfg = Release|Any CPU
		{A1145E08-DD9A-4868-AC81-293AA19E9818}.Release|iPhoneSimulator.Build.0 = Release|Any CPU
		{080CC50F-B760-4571-8833-C0A6A3DA8E3A}.Debug|Any CPU.ActiveCfg = Debug|Any CPU
		{080CC50F-B760-4571-8833-C0A6A3DA8E3A}.Debug|Any CPU.Build.0 = Debug|Any CPU
		{080CC50F-B760-4571-8833-C0A6A3DA8E3A}.Debug|iPhone.ActiveCfg = Debug|Any CPU
		{080CC50F-B760-4571-8833-C0A6A3DA8E3A}.Debug|iPhone.Build.0 = Debug|Any CPU
		{080CC50F-B760-4571-8833-C0A6A3DA8E3A}.Debug|iPhoneSimulator.ActiveCfg = Debug|Any CPU
		{080CC50F-B760-4571-8833-C0A6A3DA8E3A}.Debug|iPhoneSimulator.Build.0 = Debug|Any CPU
		{080CC50F-B760-4571-8833-C0A6A3DA8E3A}.Release|Any CPU.ActiveCfg = Release|Any CPU
		{080CC50F-B760-4571-8833-C0A6A3DA8E3A}.Release|Any CPU.Build.0 = Release|Any CPU
		{080CC50F-B760-4571-8833-C0A6A3DA8E3A}.Release|iPhone.ActiveCfg = Release|Any CPU
		{080CC50F-B760-4571-8833-C0A6A3DA8E3A}.Release|iPhone.Build.0 = Release|Any CPU
		{080CC50F-B760-4571-8833-C0A6A3DA8E3A}.Release|iPhoneSimulator.ActiveCfg = Release|Any CPU
		{080CC50F-B760-4571-8833-C0A6A3DA8E3A}.Release|iPhoneSimulator.Build.0 = Release|Any CPU
		{98B35499-DC95-44CF-808E-7E7F7827C00B}.Debug|Any CPU.ActiveCfg = Debug|Any CPU
		{98B35499-DC95-44CF-808E-7E7F7827C00B}.Debug|Any CPU.Build.0 = Debug|Any CPU
		{98B35499-DC95-44CF-808E-7E7F7827C00B}.Debug|iPhone.ActiveCfg = Debug|Any CPU
		{98B35499-DC95-44CF-808E-7E7F7827C00B}.Debug|iPhone.Build.0 = Debug|Any CPU
		{98B35499-DC95-44CF-808E-7E7F7827C00B}.Debug|iPhoneSimulator.ActiveCfg = Debug|Any CPU
		{98B35499-DC95-44CF-808E-7E7F7827C00B}.Debug|iPhoneSimulator.Build.0 = Debug|Any CPU
		{98B35499-DC95-44CF-808E-7E7F7827C00B}.Release|Any CPU.ActiveCfg = Release|Any CPU
		{98B35499-DC95-44CF-808E-7E7F7827C00B}.Release|Any CPU.Build.0 = Release|Any CPU
		{98B35499-DC95-44CF-808E-7E7F7827C00B}.Release|iPhone.ActiveCfg = Release|Any CPU
		{98B35499-DC95-44CF-808E-7E7F7827C00B}.Release|iPhone.Build.0 = Release|Any CPU
		{98B35499-DC95-44CF-808E-7E7F7827C00B}.Release|iPhoneSimulator.ActiveCfg = Release|Any CPU
		{98B35499-DC95-44CF-808E-7E7F7827C00B}.Release|iPhoneSimulator.Build.0 = Release|Any CPU
		{5551C3F5-9074-4B64-B554-7A7451834407}.Debug|Any CPU.ActiveCfg = Debug|Any CPU
		{5551C3F5-9074-4B64-B554-7A7451834407}.Debug|Any CPU.Build.0 = Debug|Any CPU
		{5551C3F5-9074-4B64-B554-7A7451834407}.Debug|iPhone.ActiveCfg = Debug|Any CPU
		{5551C3F5-9074-4B64-B554-7A7451834407}.Debug|iPhone.Build.0 = Debug|Any CPU
		{5551C3F5-9074-4B64-B554-7A7451834407}.Debug|iPhoneSimulator.ActiveCfg = Debug|Any CPU
		{5551C3F5-9074-4B64-B554-7A7451834407}.Debug|iPhoneSimulator.Build.0 = Debug|Any CPU
		{5551C3F5-9074-4B64-B554-7A7451834407}.Release|Any CPU.ActiveCfg = Release|Any CPU
		{5551C3F5-9074-4B64-B554-7A7451834407}.Release|Any CPU.Build.0 = Release|Any CPU
		{5551C3F5-9074-4B64-B554-7A7451834407}.Release|iPhone.ActiveCfg = Release|Any CPU
		{5551C3F5-9074-4B64-B554-7A7451834407}.Release|iPhone.Build.0 = Release|Any CPU
		{5551C3F5-9074-4B64-B554-7A7451834407}.Release|iPhoneSimulator.ActiveCfg = Release|Any CPU
		{5551C3F5-9074-4B64-B554-7A7451834407}.Release|iPhoneSimulator.Build.0 = Release|Any CPU
		{CE8549E9-8D62-4844-B76C-9F814C8B18FB}.Debug|Any CPU.ActiveCfg = Debug|Any CPU
		{CE8549E9-8D62-4844-B76C-9F814C8B18FB}.Debug|Any CPU.Build.0 = Debug|Any CPU
		{CE8549E9-8D62-4844-B76C-9F814C8B18FB}.Debug|Any CPU.Deploy.0 = Debug|Any CPU
		{CE8549E9-8D62-4844-B76C-9F814C8B18FB}.Debug|iPhone.ActiveCfg = Debug|Any CPU
		{CE8549E9-8D62-4844-B76C-9F814C8B18FB}.Debug|iPhone.Build.0 = Debug|Any CPU
		{CE8549E9-8D62-4844-B76C-9F814C8B18FB}.Debug|iPhone.Deploy.0 = Debug|Any CPU
		{CE8549E9-8D62-4844-B76C-9F814C8B18FB}.Debug|iPhoneSimulator.ActiveCfg = Debug|Any CPU
		{CE8549E9-8D62-4844-B76C-9F814C8B18FB}.Debug|iPhoneSimulator.Build.0 = Debug|Any CPU
		{CE8549E9-8D62-4844-B76C-9F814C8B18FB}.Debug|iPhoneSimulator.Deploy.0 = Debug|Any CPU
		{CE8549E9-8D62-4844-B76C-9F814C8B18FB}.Release|Any CPU.ActiveCfg = Release|Any CPU
		{CE8549E9-8D62-4844-B76C-9F814C8B18FB}.Release|Any CPU.Build.0 = Release|Any CPU
		{CE8549E9-8D62-4844-B76C-9F814C8B18FB}.Release|Any CPU.Deploy.0 = Release|Any CPU
		{CE8549E9-8D62-4844-B76C-9F814C8B18FB}.Release|iPhone.ActiveCfg = Release|Any CPU
		{CE8549E9-8D62-4844-B76C-9F814C8B18FB}.Release|iPhone.Build.0 = Release|Any CPU
		{CE8549E9-8D62-4844-B76C-9F814C8B18FB}.Release|iPhone.Deploy.0 = Release|Any CPU
		{CE8549E9-8D62-4844-B76C-9F814C8B18FB}.Release|iPhoneSimulator.ActiveCfg = Release|Any CPU
		{CE8549E9-8D62-4844-B76C-9F814C8B18FB}.Release|iPhoneSimulator.Build.0 = Release|Any CPU
		{CE8549E9-8D62-4844-B76C-9F814C8B18FB}.Release|iPhoneSimulator.Deploy.0 = Release|Any CPU
		{E04FECA2-C4DD-4B87-89F6-8BFE98C202B3}.Debug|Any CPU.ActiveCfg = Debug|iPhone
		{E04FECA2-C4DD-4B87-89F6-8BFE98C202B3}.Debug|iPhone.ActiveCfg = Debug|iPhone
		{E04FECA2-C4DD-4B87-89F6-8BFE98C202B3}.Debug|iPhone.Build.0 = Debug|iPhone
		{E04FECA2-C4DD-4B87-89F6-8BFE98C202B3}.Debug|iPhoneSimulator.ActiveCfg = Debug|iPhoneSimulator
		{E04FECA2-C4DD-4B87-89F6-8BFE98C202B3}.Debug|iPhoneSimulator.Build.0 = Debug|iPhoneSimulator
		{E04FECA2-C4DD-4B87-89F6-8BFE98C202B3}.Release|Any CPU.ActiveCfg = Release|iPhone
		{E04FECA2-C4DD-4B87-89F6-8BFE98C202B3}.Release|iPhone.ActiveCfg = Release|iPhone
		{E04FECA2-C4DD-4B87-89F6-8BFE98C202B3}.Release|iPhone.Build.0 = Release|iPhone
		{E04FECA2-C4DD-4B87-89F6-8BFE98C202B3}.Release|iPhoneSimulator.ActiveCfg = Release|iPhoneSimulator
		{E04FECA2-C4DD-4B87-89F6-8BFE98C202B3}.Release|iPhoneSimulator.Build.0 = Release|iPhoneSimulator
		{87ECD082-8BAE-4D73-802D-CCE57A381AA3}.Debug|Any CPU.ActiveCfg = Debug|Any CPU
		{87ECD082-8BAE-4D73-802D-CCE57A381AA3}.Debug|Any CPU.Build.0 = Debug|Any CPU
		{87ECD082-8BAE-4D73-802D-CCE57A381AA3}.Debug|iPhone.ActiveCfg = Debug|Any CPU
		{87ECD082-8BAE-4D73-802D-CCE57A381AA3}.Debug|iPhone.Build.0 = Debug|Any CPU
		{87ECD082-8BAE-4D73-802D-CCE57A381AA3}.Debug|iPhoneSimulator.ActiveCfg = Debug|Any CPU
		{87ECD082-8BAE-4D73-802D-CCE57A381AA3}.Debug|iPhoneSimulator.Build.0 = Debug|Any CPU
		{87ECD082-8BAE-4D73-802D-CCE57A381AA3}.Release|Any CPU.ActiveCfg = Release|Any CPU
		{87ECD082-8BAE-4D73-802D-CCE57A381AA3}.Release|Any CPU.Build.0 = Release|Any CPU
		{87ECD082-8BAE-4D73-802D-CCE57A381AA3}.Release|iPhone.ActiveCfg = Release|Any CPU
		{87ECD082-8BAE-4D73-802D-CCE57A381AA3}.Release|iPhone.Build.0 = Release|Any CPU
		{87ECD082-8BAE-4D73-802D-CCE57A381AA3}.Release|iPhoneSimulator.ActiveCfg = Release|Any CPU
		{87ECD082-8BAE-4D73-802D-CCE57A381AA3}.Release|iPhoneSimulator.Build.0 = Release|Any CPU
	EndGlobalSection
	GlobalSection(SolutionProperties) = preSolution
		HideSolutionNode = FALSE
	EndGlobalSection
	GlobalSection(ExtensibilityGlobals) = postSolution
		SolutionGuid = {D78B80B0-3195-408B-A3E2-46F0EF13F6A3}
	EndGlobalSection
EndGlobal
